
Microsoft Visual Studio Solution File, Format Version 12.00
# Visual Studio Version 17
VisualStudioVersion = 17.0.31912.275
MinimumVisualStudioVersion = 10.0.40219.1
Project("{FAE04EC0-301F-11D3-BF4B-00C04F79EFBC}") = "Plugin.RdcMan.ConnectionLogger", "Plugin.RdcMan.ConnectionLogger\Plugin.RdcMan.ConnectionLogger.csproj", "{163D966B-7F9A-4276-B75E-A9BCFD4C0EB3}"
EndProject
Project("{FAE04EC0-301F-11D3-BF4B-00C04F79EFBC}") = "RdcMan.ConnectionLogger.Server", "RdcMan.ConnectionLogger.Server\RdcMan.ConnectionLogger.Server.csproj", "{8B1A15C7-476B-4A6A-B3EA-0C53723FEEF2}"
EndProject
Global
	GlobalSection(SolutionConfigurationPlatforms) = preSolution
		Debug|Any CPU = Debug|Any CPU
		Release|Any CPU = Release|Any CPU
	EndGlobalSection
	GlobalSection(ProjectConfigurationPlatforms) = postSolution
		{163D966B-7F9A-4276-B75E-A9BCFD4C0EB3}.Debug|Any CPU.ActiveCfg = Debug|Any CPU
		{163D966B-7F9A-4276-B75E-A9BCFD4C0EB3}.Debug|Any CPU.Build.0 = Debug|Any CPU
		{163D966B-7F9A-4276-B75E-A9BCFD4C0EB3}.Release|Any CPU.ActiveCfg = Release|Any CPU
		{163D966B-7F9A-4276-B75E-A9BCFD4C0EB3}.Release|Any CPU.Build.0 = Release|Any CPU
		{8B1A15C7-476B-4A6A-B3EA-0C53723FEEF2}.Debug|Any CPU.ActiveCfg = Debug|Any CPU
		{8B1A15C7-476B-4A6A-B3EA-0C53723FEEF2}.Debug|Any CPU.Build.0 = Debug|Any CPU
		{8B1A15C7-476B-4A6A-B3EA-0C53723FEEF2}.Release|Any CPU.ActiveCfg = Release|Any CPU
		{8B1A15C7-476B-4A6A-B3EA-0C53723FEEF2}.Release|Any CPU.Build.0 = Release|Any CPU
	EndGlobalSection
	GlobalSection(SolutionProperties) = preSolution
		HideSolutionNode = FALSE
	EndGlobalSection
	GlobalSection(ExtensibilityGlobals) = postSolution
		SolutionGuid = {884EF790-44E9-4D8D-A7D3-A2821CF1C71C}
	EndGlobalSection
EndGlobal
